
Microsoft Visual Studio Solution File, Format Version 12.00
# Visual Studio Version 16
VisualStudioVersion = 16.0.29009.5
MinimumVisualStudioVersion = 10.0.40219.1
Project("{2150E333-8FDC-42A3-9474-1A3956D46DE8}") = "01 - Testes de Unidade", "01 - Testes de Unidade", "{7431B090-D75F-4433-9F36-04B39A82281A}"
EndProject
Project("{2150E333-8FDC-42A3-9474-1A3956D46DE8}") = "1.1 - Testes Basicos", "1.1 - Testes Basicos", "{BFB42658-9528-4813-9813-575D8B4F733E}"
EndProject
Project("{9A19103F-16F7-4668-BE54-9A1E7A4F7556}") = "Demo", "01 - Testes de Unidade\Demo\Demo.csproj", "{246D1323-401C-49DA-AB69-8354BA2CAC2A}"
EndProject
Project("{9A19103F-16F7-4668-BE54-9A1E7A4F7556}") = "Demo.Tests", "01 - Testes de Unidade\Demo.Tests\Demo.Tests.csproj", "{4F44A430-BC84-42E5-9340-38D38AC2BA63}"
EndProject
Project("{2150E333-8FDC-42A3-9474-1A3956D46DE8}") = "2.2 - Features", "2.2 - Features", "{2D5A96F8-7FED-413E-A88D-6EAF047D5DBB}"
EndProject
Project("{9A19103F-16F7-4668-BE54-9A1E7A4F7556}") = "Features", "01 - Testes de Unidade\Features\Features.csproj", "{F3227277-7CCF-4854-AB36-0D0D6BBA47BB}"
EndProject
Project("{9A19103F-16F7-4668-BE54-9A1E7A4F7556}") = "Features.Tests", "01 - Testes de Unidade\Features.Tests\Features.Tests.csproj", "{AFF5C7A0-A49F-4EFA-9732-8728A4AD68C9}"
EndProject
Project("{2150E333-8FDC-42A3-9474-1A3956D46DE8}") = "02 - TDD", "02 - TDD", "{05FEF0A3-F1ED-46B0-B93F-7CA2B013ECBA}"
EndProject
Project("{2150E333-8FDC-42A3-9474-1A3956D46DE8}") = "Tests", "Tests", "{5BA3C770-0BA5-4656-8310-B0CCF2354129}"
EndProject
Project("{9A19103F-16F7-4668-BE54-9A1E7A4F7556}") = "NerdStore.Vendas.Domain.Tests", "02 - TDD\tests\NerdStore.Vendas.Domain.Tests\NerdStore.Vendas.Domain.Tests.csproj", "{EDE550FE-D7C1-45A8-865B-39B0166AB905}"
EndProject
Project("{9A19103F-16F7-4668-BE54-9A1E7A4F7556}") = "NerdStore.Vendas.Application.Tests", "02 - TDD\tests\NerdStore.Vendas.Application.Tests\NerdStore.Vendas.Application.Tests.csproj", "{6404A9D9-2EE3-4D82-B152-5A6DA16292F6}"
EndProject
Project("{FAE04EC0-301F-11D3-BF4B-00C04F79EFBC}") = "NerdStore.Vendas.Domain", "02 - TDD\src\NerdStore.Vendas.Domain\NerdStore.Vendas.Domain.csproj", "{F4BAEC20-5A5E-4699-99A8-B78B9E2FBE13}"
EndProject
Project("{FAE04EC0-301F-11D3-BF4B-00C04F79EFBC}") = "NerdStore.Core", "02 - TDD\src\NerdStore.Core\NerdStore.Core.csproj", "{A229C7AB-0E6D-42EB-BF27-44332BD3DC6A}"
EndProject
Project("{9A19103F-16F7-4668-BE54-9A1E7A4F7556}") = "NerdStore.Vendas.Application", "02 - TDD\src\NerdStore.Vendas.Application\NerdStore.Vendas.Application.csproj", "{06F1906D-3139-428D-B152-E3183CB27782}"
EndProject
Project("{9A19103F-16F7-4668-BE54-9A1E7A4F7556}") = "NerdStore.Vendas.Data", "02 - TDD\src\NerdStore.Vendas.Data\NerdStore.Vendas.Data.csproj", "{5DEE0DAF-2232-438E-99C2-3FE15BC99DEE}"
EndProject
Global
	GlobalSection(SolutionConfigurationPlatforms) = preSolution
		Debug|Any CPU = Debug|Any CPU
		Release|Any CPU = Release|Any CPU
	EndGlobalSection
	GlobalSection(ProjectConfigurationPlatforms) = postSolution
		{246D1323-401C-49DA-AB69-8354BA2CAC2A}.Debug|Any CPU.ActiveCfg = Debug|Any CPU
		{246D1323-401C-49DA-AB69-8354BA2CAC2A}.Debug|Any CPU.Build.0 = Debug|Any CPU
		{246D1323-401C-49DA-AB69-8354BA2CAC2A}.Release|Any CPU.ActiveCfg = Release|Any CPU
		{246D1323-401C-49DA-AB69-8354BA2CAC2A}.Release|Any CPU.Build.0 = Release|Any CPU
		{4F44A430-BC84-42E5-9340-38D38AC2BA63}.Debug|Any CPU.ActiveCfg = Debug|Any CPU
		{4F44A430-BC84-42E5-9340-38D38AC2BA63}.Debug|Any CPU.Build.0 = Debug|Any CPU
		{4F44A430-BC84-42E5-9340-38D38AC2BA63}.Release|Any CPU.ActiveCfg = Release|Any CPU
		{4F44A430-BC84-42E5-9340-38D38AC2BA63}.Release|Any CPU.Build.0 = Release|Any CPU
		{F3227277-7CCF-4854-AB36-0D0D6BBA47BB}.Debug|Any CPU.ActiveCfg = Debug|Any CPU
		{F3227277-7CCF-4854-AB36-0D0D6BBA47BB}.Debug|Any CPU.Build.0 = Debug|Any CPU
		{F3227277-7CCF-4854-AB36-0D0D6BBA47BB}.Release|Any CPU.ActiveCfg = Release|Any CPU
		{F3227277-7CCF-4854-AB36-0D0D6BBA47BB}.Release|Any CPU.Build.0 = Release|Any CPU
		{AFF5C7A0-A49F-4EFA-9732-8728A4AD68C9}.Debug|Any CPU.ActiveCfg = Debug|Any CPU
		{AFF5C7A0-A49F-4EFA-9732-8728A4AD68C9}.Debug|Any CPU.Build.0 = Debug|Any CPU
		{AFF5C7A0-A49F-4EFA-9732-8728A4AD68C9}.Release|Any CPU.ActiveCfg = Release|Any CPU
		{AFF5C7A0-A49F-4EFA-9732-8728A4AD68C9}.Release|Any CPU.Build.0 = Release|Any CPU
		{EDE550FE-D7C1-45A8-865B-39B0166AB905}.Debug|Any CPU.ActiveCfg = Debug|Any CPU
		{EDE550FE-D7C1-45A8-865B-39B0166AB905}.Debug|Any CPU.Build.0 = Debug|Any CPU
		{EDE550FE-D7C1-45A8-865B-39B0166AB905}.Release|Any CPU.ActiveCfg = Release|Any CPU
		{EDE550FE-D7C1-45A8-865B-39B0166AB905}.Release|Any CPU.Build.0 = Release|Any CPU
		{6404A9D9-2EE3-4D82-B152-5A6DA16292F6}.Debug|Any CPU.ActiveCfg = Debug|Any CPU
		{6404A9D9-2EE3-4D82-B152-5A6DA16292F6}.Debug|Any CPU.Build.0 = Debug|Any CPU
		{6404A9D9-2EE3-4D82-B152-5A6DA16292F6}.Release|Any CPU.ActiveCfg = Release|Any CPU
		{6404A9D9-2EE3-4D82-B152-5A6DA16292F6}.Release|Any CPU.Build.0 = Release|Any CPU
		{F4BAEC20-5A5E-4699-99A8-B78B9E2FBE13}.Debug|Any CPU.ActiveCfg = Debug|Any CPU
		{F4BAEC20-5A5E-4699-99A8-B78B9E2FBE13}.Debug|Any CPU.Build.0 = Debug|Any CPU
		{F4BAEC20-5A5E-4699-99A8-B78B9E2FBE13}.Release|Any CPU.ActiveCfg = Release|Any CPU
		{F4BAEC20-5A5E-4699-99A8-B78B9E2FBE13}.Release|Any CPU.Build.0 = Release|Any CPU
		{A229C7AB-0E6D-42EB-BF27-44332BD3DC6A}.Debug|Any CPU.ActiveCfg = Debug|Any CPU
		{A229C7AB-0E6D-42EB-BF27-44332BD3DC6A}.Debug|Any CPU.Build.0 = Debug|Any CPU
		{A229C7AB-0E6D-42EB-BF27-44332BD3DC6A}.Release|Any CPU.ActiveCfg = Release|Any CPU
		{A229C7AB-0E6D-42EB-BF27-44332BD3DC6A}.Release|Any CPU.Build.0 = Release|Any CPU
		{06F1906D-3139-428D-B152-E3183CB27782}.Debug|Any CPU.ActiveCfg = Debug|Any CPU
		{06F1906D-3139-428D-B152-E3183CB27782}.Debug|Any CPU.Build.0 = Debug|Any CPU
		{06F1906D-3139-428D-B152-E3183CB27782}.Release|Any CPU.ActiveCfg = Release|Any CPU
		{06F1906D-3139-428D-B152-E3183CB27782}.Release|Any CPU.Build.0 = Release|Any CPU
		{5DEE0DAF-2232-438E-99C2-3FE15BC99DEE}.Debug|Any CPU.ActiveCfg = Debug|Any CPU
		{5DEE0DAF-2232-438E-99C2-3FE15BC99DEE}.Debug|Any CPU.Build.0 = Debug|Any CPU
		{5DEE0DAF-2232-438E-99C2-3FE15BC99DEE}.Release|Any CPU.ActiveCfg = Release|Any CPU
		{5DEE0DAF-2232-438E-99C2-3FE15BC99DEE}.Release|Any CPU.Build.0 = Release|Any CPU
	EndGlobalSection
	GlobalSection(SolutionProperties) = preSolution
		HideSolutionNode = FALSE
	EndGlobalSection
	GlobalSection(NestedProjects) = preSolution
		{BFB42658-9528-4813-9813-575D8B4F733E} = {7431B090-D75F-4433-9F36-04B39A82281A}
		{246D1323-401C-49DA-AB69-8354BA2CAC2A} = {BFB42658-9528-4813-9813-575D8B4F733E}
		{4F44A430-BC84-42E5-9340-38D38AC2BA63} = {BFB42658-9528-4813-9813-575D8B4F733E}
		{2D5A96F8-7FED-413E-A88D-6EAF047D5DBB} = {7431B090-D75F-4433-9F36-04B39A82281A}
		{F3227277-7CCF-4854-AB36-0D0D6BBA47BB} = {2D5A96F8-7FED-413E-A88D-6EAF047D5DBB}
		{AFF5C7A0-A49F-4EFA-9732-8728A4AD68C9} = {2D5A96F8-7FED-413E-A88D-6EAF047D5DBB}
		{5BA3C770-0BA5-4656-8310-B0CCF2354129} = {05FEF0A3-F1ED-46B0-B93F-7CA2B013ECBA}
		{EDE550FE-D7C1-45A8-865B-39B0166AB905} = {5BA3C770-0BA5-4656-8310-B0CCF2354129}
		{6404A9D9-2EE3-4D82-B152-5A6DA16292F6} = {5BA3C770-0BA5-4656-8310-B0CCF2354129}
		{F4BAEC20-5A5E-4699-99A8-B78B9E2FBE13} = {05FEF0A3-F1ED-46B0-B93F-7CA2B013ECBA}
		{A229C7AB-0E6D-42EB-BF27-44332BD3DC6A} = {05FEF0A3-F1ED-46B0-B93F-7CA2B013ECBA}
		{06F1906D-3139-428D-B152-E3183CB27782} = {05FEF0A3-F1ED-46B0-B93F-7CA2B013ECBA}
		{5DEE0DAF-2232-438E-99C2-3FE15BC99DEE} = {05FEF0A3-F1ED-46B0-B93F-7CA2B013ECBA}
	EndGlobalSection
	GlobalSection(ExtensibilityGlobals) = postSolution
		SolutionGuid = {FA16DF68-D409-4848-8D5E-36F2FBF476DA}
	EndGlobalSection
EndGlobal
